
Microsoft Visual Studio Solution File, Format Version 12.00
# Visual Studio Version 17
VisualStudioVersion = 17.8.34330.188
MinimumVisualStudioVersion = 10.0.40219.1
Project("{FAE04EC0-301F-11D3-BF4B-00C04F79EFBC}") = "Diemsinhvien", "Diemsinhvien\Diemsinhvien.csproj", "{3C483C55-AD17-4FF7-B32E-AB81CA4B4F05}"
EndProject
Global
	GlobalSection(SolutionConfigurationPlatforms) = preSolution
		Debug|Any CPU = Debug|Any CPU
		Release|Any CPU = Release|Any CPU
	EndGlobalSection
	GlobalSection(ProjectConfigurationPlatforms) = postSolution
		{3C483C55-AD17-4FF7-B32E-AB81CA4B4F05}.Debug|Any CPU.ActiveCfg = Debug|Any CPU
		{3C483C55-AD17-4FF7-B32E-AB81CA4B4F05}.Debug|Any CPU.Build.0 = Debug|Any CPU
		{3C483C55-AD17-4FF7-B32E-AB81CA4B4F05}.Release|Any CPU.ActiveCfg = Release|Any CPU
		{3C483C55-AD17-4FF7-B32E-AB81CA4B4F05}.Release|Any CPU.Build.0 = Release|Any CPU
	EndGlobalSection
	GlobalSection(SolutionProperties) = preSolution
		HideSolutionNode = FALSE
	EndGlobalSection
	GlobalSection(ExtensibilityGlobals) = postSolution
		SolutionGuid = {B1F7245C-545F-45C9-94DA-8D6D1AFCDE63}
	EndGlobalSection
EndGlobal
